// !$*UTF8*$!
{
	archiveVersion = 1;
	classes = {
	};
	objectVersion = 56;
	objects = {

/* Begin PBXBuildFile section */
		A10000000000000000000001 /* FlashyApp.swift in Sources */ = {isa = PBXBuildFile; fileRef = A20000000000000000000001 /* FlashyApp.swift */; };
		A10000000000000000000002 /* ReviewTypes.swift in Sources */ = {isa = PBXBuildFile; fileRef = A20000000000000000000002 /* ReviewTypes.swift */; };
		A10000000000000000000003 /* AppState.swift in Sources */ = {isa = PBXBuildFile; fileRef = A20000000000000000000003 /* AppState.swift */; };
		A10000000000000000000004 /* Card.swift in Sources */ = {isa = PBXBuildFile; fileRef = A20000000000000000000004 /* Card.swift */; };
		A10000000000000000000005 /* HashID.swift in Sources */ = {isa = PBXBuildFile; fileRef = A20000000000000000000005 /* HashID.swift */; };
		A10000000000000000000006 /* DateRollover.swift in Sources */ = {isa = PBXBuildFile; fileRef = A20000000000000000000006 /* DateRollover.swift */; };
		A10000000000000000000007 /* FSRS.swift in Sources */ = {isa = PBXBuildFile; fileRef = A20000000000000000000007 /* FSRS.swift */; };
		A10000000000000000000008 /* CSVImporter.swift in Sources */ = {isa = PBXBuildFile; fileRef = A20000000000000000000008 /* CSVImporter.swift */; };
		A10000000000000000000009 /* CardScheduler.swift in Sources */ = {isa = PBXBuildFile; fileRef = A20000000000000000000009 /* CardScheduler.swift */; };
		A1000000000000000000000A /* Notifications.swift in Sources */ = {isa = PBXBuildFile; fileRef = A2000000000000000000000A /* Notifications.swift */; };
		A1000000000000000000000B /* Theme.swift in Sources */ = {isa = PBXBuildFile; fileRef = A2000000000000000000000B /* Theme.swift */; };
		A1000000000000000000000C /* StudyRootView.swift in Sources */ = {isa = PBXBuildFile; fileRef = A2000000000000000000000C /* StudyRootView.swift */; };
		A1000000000000000000000D /* StudyView.swift in Sources */ = {isa = PBXBuildFile; fileRef = A2000000000000000000000D /* StudyView.swift */; };
		A1000000000000000000000E /* CardStack.swift in Sources */ = {isa = PBXBuildFile; fileRef = A2000000000000000000000E /* CardStack.swift */; };
		A1000000000000000000000F /* CardView.swift in Sources */ = {isa = PBXBuildFile; fileRef = A2000000000000000000000F /* CardView.swift */; };
		A10000000000000000000010 /* SettingsView.swift in Sources */ = {isa = PBXBuildFile; fileRef = A20000000000000000000010 /* SettingsView.swift */; };
		A10000000000000000000011 /* StatsView.swift in Sources */ = {isa = PBXBuildFile; fileRef = A20000000000000000000011 /* StatsView.swift */; };
		A10000000000000000000012 /* Assets.xcassets in Resources */ = {isa = PBXBuildFile; fileRef = A20000000000000000000012 /* Assets.xcassets */; };
		A10000000000000000000013 /* FlashyTests.swift in Sources */ = {isa = PBXBuildFile; fileRef = A20000000000000000000013 /* FlashyTests.swift */; };
		A10000000000000000000014 /* UpcomingView.swift in Sources */ = {isa = PBXBuildFile; fileRef = A20000000000000000000022 /* UpcomingView.swift */; };
		A10000000000000000000015 /* BackupExporter.swift in Sources */ = {isa = PBXBuildFile; fileRef = A20000000000000000000023 /* BackupExporter.swift */; };
/* End PBXBuildFile section */

/* Begin PBXContainerItemProxy section */
		AA0000000000000000000001 /* PBXContainerItemProxy */ = {
			isa = PBXContainerItemProxy;
			containerPortal = A90000000000000000000001 /* Project object */;
			proxyType = 1;
			remoteGlobalIDString = A50000000000000000000001;
			remoteInfo = Flashy;
		};
/* End PBXContainerItemProxy section */

/* Begin PBXFileReference section */
		A20000000000000000000001 /* FlashyApp.swift */ = {isa = PBXFileReference; lastKnownFileType = sourcecode.swift; path = FlashyApp.swift; sourceTree = "<group>"; };
		A20000000000000000000002 /* ReviewTypes.swift */ = {isa = PBXFileReference; lastKnownFileType = sourcecode.swift; path = ReviewTypes.swift; sourceTree = "<group>"; };
		A20000000000000000000003 /* AppState.swift */ = {isa = PBXFileReference; lastKnownFileType = sourcecode.swift; path = AppState.swift; sourceTree = "<group>"; };
		A20000000000000000000004 /* Card.swift */ = {isa = PBXFileReference; lastKnownFileType = sourcecode.swift; path = Card.swift; sourceTree = "<group>"; };
		A20000000000000000000005 /* HashID.swift */ = {isa = PBXFileReference; lastKnownFileType = sourcecode.swift; path = HashID.swift; sourceTree = "<group>"; };
		A20000000000000000000006 /* DateRollover.swift */ = {isa = PBXFileReference; lastKnownFileType = sourcecode.swift; path = DateRollover.swift; sourceTree = "<group>"; };
		A20000000000000000000007 /* FSRS.swift */ = {isa = PBXFileReference; lastKnownFileType = sourcecode.swift; path = FSRS.swift; sourceTree = "<group>"; };
		A20000000000000000000008 /* CSVImporter.swift */ = {isa = PBXFileReference; lastKnownFileType = sourcecode.swift; path = CSVImporter.swift; sourceTree = "<group>"; };
		A20000000000000000000009 /* CardScheduler.swift */ = {isa = PBXFileReference; lastKnownFileType = sourcecode.swift; path = CardScheduler.swift; sourceTree = "<group>"; };
		A2000000000000000000000A /* Notifications.swift */ = {isa = PBXFileReference; lastKnownFileType = sourcecode.swift; path = Notifications.swift; sourceTree = "<group>"; };
		A2000000000000000000000B /* Theme.swift */ = {isa = PBXFileReference; lastKnownFileType = sourcecode.swift; path = Theme.swift; sourceTree = "<group>"; };
		A2000000000000000000000C /* StudyRootView.swift */ = {isa = PBXFileReference; lastKnownFileType = sourcecode.swift; path = StudyRootView.swift; sourceTree = "<group>"; };
		A2000000000000000000000D /* StudyView.swift */ = {isa = PBXFileReference; lastKnownFileType = sourcecode.swift; path = StudyView.swift; sourceTree = "<group>"; };
		A2000000000000000000000E /* CardStack.swift */ = {isa = PBXFileReference; lastKnownFileType = sourcecode.swift; path = CardStack.swift; sourceTree = "<group>"; };
		A2000000000000000000000F /* CardView.swift */ = {isa = PBXFileReference; lastKnownFileType = sourcecode.swift; path = CardView.swift; sourceTree = "<group>"; };
		A20000000000000000000010 /* SettingsView.swift */ = {isa = PBXFileReference; lastKnownFileType = sourcecode.swift; path = SettingsView.swift; sourceTree = "<group>"; };
		A20000000000000000000011 /* StatsView.swift */ = {isa = PBXFileReference; lastKnownFileType = sourcecode.swift; path = StatsView.swift; sourceTree = "<group>"; };
		A20000000000000000000012 /* Assets.xcassets */ = {isa = PBXFileReference; lastKnownFileType = folder.assetcatalog; path = Assets.xcassets; sourceTree = "<group>"; };
		A20000000000000000000013 /* FlashyTests.swift */ = {isa = PBXFileReference; lastKnownFileType = sourcecode.swift; path = FlashyTests.swift; sourceTree = "<group>"; };
		A20000000000000000000022 /* UpcomingView.swift */ = {isa = PBXFileReference; lastKnownFileType = sourcecode.swift; path = UpcomingView.swift; sourceTree = "<group>"; };
		A20000000000000000000023 /* BackupExporter.swift */ = {isa = PBXFileReference; lastKnownFileType = sourcecode.swift; path = BackupExporter.swift; sourceTree = "<group>"; };
		A20000000000000000000014 /* Info.plist */ = {isa = PBXFileReference; lastKnownFileType = text.plist.xml; path = Info.plist; sourceTree = "<group>"; };
		A20000000000000000000020 /* Flashy.app */ = {isa = PBXFileReference; explicitFileType = wrapper.application; includeInIndex = 0; path = Flashy.app; sourceTree = BUILT_PRODUCTS_DIR; };
		A20000000000000000000021 /* FlashyTests.xctest */ = {isa = PBXFileReference; explicitFileType = wrapper.cfbundle; includeInIndex = 0; path = FlashyTests.xctest; sourceTree = BUILT_PRODUCTS_DIR; };
/* End PBXFileReference section */

/* Begin PBXFrameworksBuildPhase section */
		A30000000000000000000001 /* Frameworks */ = {
			isa = PBXFrameworksBuildPhase;
			buildActionMask = 2147483647;
			files = (
			);
			runOnlyForDeploymentPostprocessing = 0;
		};
		A30000000000000000000002 /* Frameworks */ = {
			isa = PBXFrameworksBuildPhase;
			buildActionMask = 2147483647;
			files = (
			);
			runOnlyForDeploymentPostprocessing = 0;
		};
/* End PBXFrameworksBuildPhase section */

/* Begin PBXGroup section */
		A40000000000000000000001 = {
			isa = PBXGroup;
			children = (
				A40000000000000000000002 /* Flashy */,
				A40000000000000000000003 /* FlashyTests */,
				A40000000000000000000004 /* Products */,
			);
			sourceTree = "<group>";
		};
		A40000000000000000000002 /* Flashy */ = {
			isa = PBXGroup;
			children = (
				A20000000000000000000001 /* FlashyApp.swift */,
				A20000000000000000000014 /* Info.plist */,
				A20000000000000000000012 /* Assets.xcassets */,
				A40000000000000000000005 /* Models */,
				A40000000000000000000006 /* Logic */,
				A40000000000000000000007 /* Views */,
			);
			path = Flashy;
			sourceTree = "<group>";
		};
		A40000000000000000000003 /* FlashyTests */ = {
			isa = PBXGroup;
			children = (
				A20000000000000000000013 /* FlashyTests.swift */,
			);
			path = FlashyTests;
			sourceTree = "<group>";
		};
		A40000000000000000000004 /* Products */ = {
			isa = PBXGroup;
			children = (
				A20000000000000000000020 /* Flashy.app */,
				A20000000000000000000021 /* FlashyTests.xctest */,
			);
			name = Products;
			sourceTree = "<group>";
		};
		A40000000000000000000005 /* Models */ = {
			isa = PBXGroup;
			children = (
				A20000000000000000000002 /* ReviewTypes.swift */,
				A20000000000000000000003 /* AppState.swift */,
				A20000000000000000000004 /* Card.swift */,
			);
			path = Models;
			sourceTree = "<group>";
		};
		A40000000000000000000006 /* Logic */ = {
			isa = PBXGroup;
			children = (
				A20000000000000000000005 /* HashID.swift */,
				A20000000000000000000006 /* DateRollover.swift */,
				A20000000000000000000007 /* FSRS.swift */,
				A20000000000000000000008 /* CSVImporter.swift */,
				A20000000000000000000009 /* CardScheduler.swift */,
				A2000000000000000000000A /* Notifications.swift */,
				A2000000000000000000000B /* Theme.swift */,
				A20000000000000000000023 /* BackupExporter.swift */,
			);
			path = Logic;
			sourceTree = "<group>";
		};
		A40000000000000000000007 /* Views */ = {
			isa = PBXGroup;
			children = (
				A2000000000000000000000C /* StudyRootView.swift */,
				A2000000000000000000000D /* StudyView.swift */,
				A2000000000000000000000E /* CardStack.swift */,
				A2000000000000000000000F /* CardView.swift */,
				A20000000000000000000010 /* SettingsView.swift */,
				A20000000000000000000011 /* StatsView.swift */,
				A20000000000000000000022 /* UpcomingView.swift */,
			);
			path = Views;
			sourceTree = "<group>";
		};
/* End PBXGroup section */

/* Begin PBXNativeTarget section */
		A50000000000000000000001 /* Flashy */ = {
			isa = PBXNativeTarget;
			buildConfigurationList = A70000000000000000000001 /* Build configuration list for PBXNativeTarget "Flashy" */;
			buildPhases = (
				A60000000000000000000001 /* Sources */,
				A30000000000000000000001 /* Frameworks */,
				A60000000000000000000002 /* Resources */,
			);
			buildRules = (
			);
			dependencies = (
			);
			name = Flashy;
			productName = Flashy;
			productReference = A20000000000000000000020 /* Flashy.app */;
			productType = "com.apple.product-type.application";
		};
		A50000000000000000000002 /* FlashyTests */ = {
			isa = PBXNativeTarget;
			buildConfigurationList = A70000000000000000000003 /* Build configuration list for PBXNativeTarget "FlashyTests" */;
			buildPhases = (
				A60000000000000000000003 /* Sources */,
				A30000000000000000000002 /* Frameworks */,
			);
			buildRules = (
			);
			dependencies = (
				A80000000000000000000001 /* PBXTargetDependency */,
			);
			name = FlashyTests;
			productName = FlashyTests;
			productReference = A20000000000000000000021 /* FlashyTests.xctest */;
			productType = "com.apple.product-type.bundle.unit-test";
		};
/* End PBXNativeTarget section */

/* Begin PBXProject section */
		A90000000000000000000001 /* Project object */ = {
			isa = PBXProject;
			attributes = {
				BuildIndependentTargetsInParallel = 1;
				LastSwiftUpdateCheck = 1500;
				LastUpgradeCheck = 2610;
				TargetAttributes = {
					A50000000000000000000001 = {
						CreatedOnToolsVersion = 15.0;
					};
					A50000000000000000000002 = {
						CreatedOnToolsVersion = 15.0;
						TestTargetID = A50000000000000000000001;
					};
				};
			};
			buildConfigurationList = A70000000000000000000005 /* Build configuration list for PBXProject "Flashy" */;
			compatibilityVersion = "Xcode 14.0";
			developmentRegion = en;
			hasScannedForEncodings = 0;
			knownRegions = (
				en,
				Base,
			);
			mainGroup = A40000000000000000000001;
			productRefGroup = A40000000000000000000004 /* Products */;
			projectDirPath = "";
			projectRoot = "";
			targets = (
				A50000000000000000000001 /* Flashy */,
				A50000000000000000000002 /* FlashyTests */,
			);
		};
/* End PBXProject section */

/* Begin PBXResourcesBuildPhase section */
		A60000000000000000000002 /* Resources */ = {
			isa = PBXResourcesBuildPhase;
			buildActionMask = 2147483647;
			files = (
				A10000000000000000000012 /* Assets.xcassets in Resources */,
			);
			runOnlyForDeploymentPostprocessing = 0;
		};
/* End PBXResourcesBuildPhase section */

/* Begin PBXSourcesBuildPhase section */
		A60000000000000000000001 /* Sources */ = {
			isa = PBXSourcesBuildPhase;
			buildActionMask = 2147483647;
			files = (
				A10000000000000000000001 /* FlashyApp.swift in Sources */,
				A10000000000000000000002 /* ReviewTypes.swift in Sources */,
				A10000000000000000000003 /* AppState.swift in Sources */,
				A10000000000000000000004 /* Card.swift in Sources */,
				A10000000000000000000005 /* HashID.swift in Sources */,
				A10000000000000000000006 /* DateRollover.swift in Sources */,
				A10000000000000000000007 /* FSRS.swift in Sources */,
				A10000000000000000000008 /* CSVImporter.swift in Sources */,
				A10000000000000000000009 /* CardScheduler.swift in Sources */,
				A1000000000000000000000A /* Notifications.swift in Sources */,
				A1000000000000000000000B /* Theme.swift in Sources */,
				A1000000000000000000000C /* StudyRootView.swift in Sources */,
				A1000000000000000000000D /* StudyView.swift in Sources */,
				A1000000000000000000000E /* CardStack.swift in Sources */,
				A1000000000000000000000F /* CardView.swift in Sources */,
				A10000000000000000000010 /* SettingsView.swift in Sources */,
				A10000000000000000000011 /* StatsView.swift in Sources */,
				A10000000000000000000014 /* UpcomingView.swift in Sources */,
				A10000000000000000000015 /* BackupExporter.swift in Sources */,
			);
			runOnlyForDeploymentPostprocessing = 0;
		};
		A60000000000000000000003 /* Sources */ = {
			isa = PBXSourcesBuildPhase;
			buildActionMask = 2147483647;
			files = (
				A10000000000000000000013 /* FlashyTests.swift in Sources */,
			);
			runOnlyForDeploymentPostprocessing = 0;
		};
/* End PBXSourcesBuildPhase section */

/* Begin PBXTargetDependency section */
		A80000000000000000000001 /* PBXTargetDependency */ = {
			isa = PBXTargetDependency;
			target = A50000000000000000000001 /* Flashy */;
			targetProxy = AA0000000000000000000001 /* PBXContainerItemProxy */;
		};
/* End PBXTargetDependency section */

/* Begin XCBuildConfiguration section */
		B10000000000000000000001 /* Debug */ = {
			isa = XCBuildConfiguration;
			buildSettings = {
				ALWAYS_SEARCH_USER_PATHS = NO;
				CLANG_ENABLE_MODULES = YES;
				CLANG_ENABLE_OBJC_ARC = YES;
				CLANG_WARN_BLOCK_CAPTURE_AUTORELEASING = YES;
				CLANG_WARN_BOOL_CONVERSION = YES;
				CLANG_WARN_COMMA = YES;
				CLANG_WARN_CONSTANT_CONVERSION = YES;
				CLANG_WARN_DEPRECATED_OBJC_IMPLEMENTATIONS = YES;
				CLANG_WARN_EMPTY_BODY = YES;
				CLANG_WARN_ENUM_CONVERSION = YES;
				CLANG_WARN_INFINITE_RECURSION = YES;
				CLANG_WARN_INT_CONVERSION = YES;
				CLANG_WARN_NON_LITERAL_NULL_CONVERSION = YES;
				CLANG_WARN_OBJC_IMPLICIT_RETAIN_SELF = YES;
				CLANG_WARN_OBJC_LITERAL_CONVERSION = YES;
				CLANG_WARN_QUOTED_INCLUDE_IN_FRAMEWORK_HEADER = YES;
				CLANG_WARN_RANGE_LOOP_ANALYSIS = YES;
				CLANG_WARN_STRICT_PROTOTYPES = YES;
				CLANG_WARN_SUSPICIOUS_MOVE = YES;
				CLANG_WARN_UNREACHABLE_CODE = YES;
				CLANG_WARN__DUPLICATE_METHOD_MATCH = YES;
				DEBUG_INFORMATION_FORMAT = dwarf;
				ENABLE_STRICT_OBJC_MSGSEND = YES;
				ENABLE_TESTABILITY = YES;
				ENABLE_USER_SCRIPT_SANDBOXING = YES;
				GCC_DYNAMIC_NO_PIC = NO;
				GCC_NO_COMMON_BLOCKS = YES;
				GCC_WARN_64_TO_32_BIT_CONVERSION = YES;
				GCC_WARN_ABOUT_RETURN_TYPE = YES;
				GCC_WARN_UNDECLARED_SELECTOR = YES;
				GCC_WARN_UNINITIALIZED_AUTOS = YES;
				GCC_WARN_UNUSED_FUNCTION = YES;
				GCC_WARN_UNUSED_VARIABLE = YES;
				IPHONEOS_DEPLOYMENT_TARGET = 17.0;
				MTL_ENABLE_DEBUG_INFO = INCLUDE_SOURCE;
				ONLY_ACTIVE_ARCH = YES;
				SDKROOT = iphoneos;
				STRING_CATALOG_GENERATE_SYMBOLS = YES;
				SWIFT_ACTIVE_COMPILATION_CONDITIONS = DEBUG;
				SWIFT_OPTIMIZATION_LEVEL = "-Onone";
			};
			name = Debug;
		};
		B10000000000000000000002 /* Release */ = {
			isa = XCBuildConfiguration;
			buildSettings = {
				ALWAYS_SEARCH_USER_PATHS = NO;
				CLANG_ENABLE_MODULES = YES;
				CLANG_ENABLE_OBJC_ARC = YES;
				CLANG_WARN_BLOCK_CAPTURE_AUTORELEASING = YES;
				CLANG_WARN_BOOL_CONVERSION = YES;
				CLANG_WARN_COMMA = YES;
				CLANG_WARN_CONSTANT_CONVERSION = YES;
				CLANG_WARN_DEPRECATED_OBJC_IMPLEMENTATIONS = YES;
				CLANG_WARN_EMPTY_BODY = YES;
				CLANG_WARN_ENUM_CONVERSION = YES;
				CLANG_WARN_INFINITE_RECURSION = YES;
				CLANG_WARN_INT_CONVERSION = YES;
				CLANG_WARN_NON_LITERAL_NULL_CONVERSION = YES;
				CLANG_WARN_OBJC_IMPLICIT_RETAIN_SELF = YES;
				CLANG_WARN_OBJC_LITERAL_CONVERSION = YES;
				CLANG_WARN_QUOTED_INCLUDE_IN_FRAMEWORK_HEADER = YES;
				CLANG_WARN_RANGE_LOOP_ANALYSIS = YES;
				CLANG_WARN_STRICT_PROTOTYPES = YES;
				CLANG_WARN_SUSPICIOUS_MOVE = YES;
				CLANG_WARN_UNREACHABLE_CODE = YES;
				CLANG_WARN__DUPLICATE_METHOD_MATCH = YES;
				DEBUG_INFORMATION_FORMAT = "dwarf-with-dsym";
				ENABLE_STRICT_OBJC_MSGSEND = YES;
				ENABLE_USER_SCRIPT_SANDBOXING = YES;
				GCC_NO_COMMON_BLOCKS = YES;
				GCC_WARN_64_TO_32_BIT_CONVERSION = YES;
				GCC_WARN_ABOUT_RETURN_TYPE = YES;
				GCC_WARN_UNDECLARED_SELECTOR = YES;
				GCC_WARN_UNINITIALIZED_AUTOS = YES;
				GCC_WARN_UNUSED_FUNCTION = YES;
				GCC_WARN_UNUSED_VARIABLE = YES;
				IPHONEOS_DEPLOYMENT_TARGET = 17.0;
				MTL_ENABLE_DEBUG_INFO = NO;
				SDKROOT = iphoneos;
				STRING_CATALOG_GENERATE_SYMBOLS = YES;
				SWIFT_COMPILATION_MODE = wholemodule;
			};
			name = Release;
		};
		B10000000000000000000003 /* Debug */ = {
			isa = XCBuildConfiguration;
			buildSettings = {
				ASSETCATALOG_COMPILER_APPICON_NAME = AppIcon;
				ASSETCATALOG_COMPILER_GLOBAL_ACCENT_COLOR_NAME = AccentColor;
				CODE_SIGN_STYLE = Automatic;
				CURRENT_PROJECT_VERSION = 1;
				DEVELOPMENT_TEAM = SEY52S4BJ9;
				ENABLE_PREVIEWS = YES;
				GENERATE_INFOPLIST_FILE = NO;
				INFOPLIST_FILE = Flashy/Info.plist;
				INFOPLIST_KEY_UIApplicationSceneManifest_Generation = YES;
				LD_RUNPATH_SEARCH_PATHS = (
					"$(inherited)",
					"@executable_path/Frameworks",
				);
				MARKETING_VERSION = 1.0;
				PRODUCT_BUNDLE_IDENTIFIER = net.studycat.espanol;
				PRODUCT_NAME = "$(TARGET_NAME)";
				SWIFT_EMIT_LOC_STRINGS = YES;
				SWIFT_VERSION = 5.0;
				TARGETED_DEVICE_FAMILY = 1;
			};
			name = Debug;
		};
		B10000000000000000000004 /* Release */ = {
			isa = XCBuildConfiguration;
			buildSettings = {
				ASSETCATALOG_COMPILER_APPICON_NAME = AppIcon;
				ASSETCATALOG_COMPILER_GLOBAL_ACCENT_COLOR_NAME = AccentColor;
				CODE_SIGN_STYLE = Automatic;
				CURRENT_PROJECT_VERSION = 1;
				DEVELOPMENT_TEAM = SEY52S4BJ9;
				ENABLE_PREVIEWS = YES;
				GENERATE_INFOPLIST_FILE = NO;
				INFOPLIST_FILE = Flashy/Info.plist;
				INFOPLIST_KEY_UIApplicationSceneManifest_Generation = YES;
				LD_RUNPATH_SEARCH_PATHS = (
					"$(inherited)",
					"@executable_path/Frameworks",
				);
				MARKETING_VERSION = 1.0;
				PRODUCT_BUNDLE_IDENTIFIER = net.studycat.espanol;
				PRODUCT_NAME = "$(TARGET_NAME)";
				SWIFT_EMIT_LOC_STRINGS = YES;
				SWIFT_VERSION = 5.0;
				TARGETED_DEVICE_FAMILY = 1;
			};
			name = Release;
		};
		B10000000000000000000005 /* Debug */ = {
			isa = XCBuildConfiguration;
			buildSettings = {
				BUNDLE_LOADER = "$(TEST_HOST)";
				CODE_SIGN_STYLE = Automatic;
				CURRENT_PROJECT_VERSION = 1;
				GENERATE_INFOPLIST_FILE = YES;
				IPHONEOS_DEPLOYMENT_TARGET = 17.0;
				LD_RUNPATH_SEARCH_PATHS = (
					"$(inherited)",
					"@executable_path/Frameworks",
					"@loader_path/Frameworks",
				);
				MARKETING_VERSION = 1.0;
				PRODUCT_BUNDLE_IDENTIFIER = net.studycat.espanol.tests;
				PRODUCT_NAME = "$(TARGET_NAME)";
				SWIFT_EMIT_LOC_STRINGS = NO;
				SWIFT_VERSION = 5.0;
				TARGETED_DEVICE_FAMILY = 1;
				TEST_HOST = "$(BUILT_PRODUCTS_DIR)/Flashy.app/Flashy";
			};
			name = Debug;
		};
		B10000000000000000000006 /* Release */ = {
			isa = XCBuildConfiguration;
			buildSettings = {
				BUNDLE_LOADER = "$(TEST_HOST)";
				CODE_SIGN_STYLE = Automatic;
				CURRENT_PROJECT_VERSION = 1;
				GENERATE_INFOPLIST_FILE = YES;
				IPHONEOS_DEPLOYMENT_TARGET = 17.0;
				LD_RUNPATH_SEARCH_PATHS = (
					"$(inherited)",
					"@executable_path/Frameworks",
					"@loader_path/Frameworks",
				);
				MARKETING_VERSION = 1.0;
				PRODUCT_BUNDLE_IDENTIFIER = net.studycat.espanol.tests;
				PRODUCT_NAME = "$(TARGET_NAME)";
				SWIFT_EMIT_LOC_STRINGS = NO;
				SWIFT_VERSION = 5.0;
				TARGETED_DEVICE_FAMILY = 1;
				TEST_HOST = "$(BUILT_PRODUCTS_DIR)/Flashy.app/Flashy";
			};
			name = Release;
		};
/* End XCBuildConfiguration section */

/* Begin XCConfigurationList section */
		A70000000000000000000001 /* Build configuration list for PBXNativeTarget "Flashy" */ = {
			isa = XCConfigurationList;
			buildConfigurations = (
				B10000000000000000000003 /* Debug */,
				B10000000000000000000004 /* Release */,
			);
			defaultConfigurationIsVisible = 0;
			defaultConfigurationName = Release;
		};
		A70000000000000000000003 /* Build configuration list for PBXNativeTarget "FlashyTests" */ = {
			isa = XCConfigurationList;
			buildConfigurations = (
				B10000000000000000000005 /* Debug */,
				B10000000000000000000006 /* Release */,
			);
			defaultConfigurationIsVisible = 0;
			defaultConfigurationName = Release;
		};
		A70000000000000000000005 /* Build configuration list for PBXProject "Flashy" */ = {
			isa = XCConfigurationList;
			buildConfigurations = (
				B10000000000000000000001 /* Debug */,
				B10000000000000000000002 /* Release */,
			);
			defaultConfigurationIsVisible = 0;
			defaultConfigurationName = Release;
		};
/* End XCConfigurationList section */
	};
	rootObject = A90000000000000000000001 /* Project object */;
}
